
Microsoft Visual Studio Solution File, Format Version 12.00
# Visual Studio Version 16
VisualStudioVersion = 16.0.30413.136
MinimumVisualStudioVersion = 10.0.40219.1
Project("{FAE04EC0-301F-11D3-BF4B-00C04F79EFBC}") = "MVCCRUDwithoutEF", "MVCCRUDwithoutEF\MVCCRUDwithoutEF.csproj", "{39FE261D-B499-466B-8741-36C0FD87DFDC}"
EndProject
Global
	GlobalSection(SolutionConfigurationPlatforms) = preSolution
		Debug|Any CPU = Debug|Any CPU
		Release|Any CPU = Release|Any CPU
	EndGlobalSection
	GlobalSection(ProjectConfigurationPlatforms) = postSolution
		{39FE261D-B499-466B-8741-36C0FD87DFDC}.Debug|Any CPU.ActiveCfg = Debug|Any CPU
		{39FE261D-B499-466B-8741-36C0FD87DFDC}.Debug|Any CPU.Build.0 = Debug|Any CPU
		{39FE261D-B499-466B-8741-36C0FD87DFDC}.Release|Any CPU.ActiveCfg = Release|Any CPU
		{39FE261D-B499-466B-8741-36C0FD87DFDC}.Release|Any CPU.Build.0 = Release|Any CPU
	EndGlobalSection
	GlobalSection(SolutionProperties) = preSolution
		HideSolutionNode = FALSE
	EndGlobalSection
	GlobalSection(ExtensibilityGlobals) = postSolution
		SolutionGuid = {02789A4F-A3DF-4099-AEA8-96A9344F0475}
	EndGlobalSection
EndGlobal
